
Microsoft Visual Studio Solution File, Format Version 12.00
# Visual Studio Version 16
VisualStudioVersion = 16.0.31321.278
MinimumVisualStudioVersion = 10.0.40219.1
Project("{FAE04EC0-301F-11D3-BF4B-00C04F79EFBC}") = "fubon_future_test", "fubon_future_test\fubon_future_test.csproj", "{F930612B-AE46-4C1C-98DC-4E6C653A005D}"
EndProject
Global
	GlobalSection(SolutionConfigurationPlatforms) = preSolution
		Debug|Any CPU = Debug|Any CPU
		Release|Any CPU = Release|Any CPU
	EndGlobalSection
	GlobalSection(ProjectConfigurationPlatforms) = postSolution
		{F930612B-AE46-4C1C-98DC-4E6C653A005D}.Debug|Any CPU.ActiveCfg = Debug|Any CPU
		{F930612B-AE46-4C1C-98DC-4E6C653A005D}.Debug|Any CPU.Build.0 = Debug|Any CPU
		{F930612B-AE46-4C1C-98DC-4E6C653A005D}.Release|Any CPU.ActiveCfg = Release|Any CPU
		{F930612B-AE46-4C1C-98DC-4E6C653A005D}.Release|Any CPU.Build.0 = Release|Any CPU
	EndGlobalSection
	GlobalSection(SolutionProperties) = preSolution
		HideSolutionNode = FALSE
	EndGlobalSection
	GlobalSection(ExtensibilityGlobals) = postSolution
		SolutionGuid = {7540D9B0-C8FD-4931-BC90-D8B6148801AE}
	EndGlobalSection
EndGlobal
